// !$*UTF8*$!
{
	archiveVersion = 1;
	classes = {
	};
	objectVersion = 56;
	objects = {

/* Begin PBXBuildFile section */
		A00000000000000000001001 /* Models.swift in Sources */ = {isa = PBXBuildFile; fileRef = A00000000000000000002001 /* Models.swift */; };
		A00000000000000000001002 /* TransportAPI.swift in Sources */ = {isa = PBXBuildFile; fileRef = A00000000000000000002002 /* TransportAPI.swift */; };
		A00000000000000000001003 /* SharedStore.swift in Sources */ = {isa = PBXBuildFile; fileRef = A00000000000000000002003 /* SharedStore.swift */; };
		A00000000000000000001004 /* NotificationService.swift in Sources */ = {isa = PBXBuildFile; fileRef = A00000000000000000002004 /* NotificationService.swift */; };
		A00000000000000000001005 /* DateFormatting.swift in Sources */ = {isa = PBXBuildFile; fileRef = A00000000000000000002005 /* DateFormatting.swift */; };
		A00000000000000000001006 /* SBBDeparturesApp.swift in Sources */ = {isa = PBXBuildFile; fileRef = A00000000000000000002006 /* SBBDeparturesApp.swift */; };
		A00000000000000000001007 /* DeparturesAppState.swift in Sources */ = {isa = PBXBuildFile; fileRef = A00000000000000000002007 /* DeparturesAppState.swift */; };
		A00000000000000000001008 /* MenuBarPopoverView.swift in Sources */ = {isa = PBXBuildFile; fileRef = A00000000000000000002008 /* MenuBarPopoverView.swift */; };
		A0000000000000000000100A /* SBBStyle.swift in Sources */ = {isa = PBXBuildFile; fileRef = A00000000000000000002016 /* SBBStyle.swift */; };
		A00000000000000000001101 /* Models.swift in Sources */ = {isa = PBXBuildFile; fileRef = A00000000000000000002001 /* Models.swift */; };
		A00000000000000000001102 /* TransportAPI.swift in Sources */ = {isa = PBXBuildFile; fileRef = A00000000000000000002002 /* TransportAPI.swift */; };
		A00000000000000000001103 /* SharedStore.swift in Sources */ = {isa = PBXBuildFile; fileRef = A00000000000000000002003 /* SharedStore.swift */; };
		A00000000000000000001105 /* DateFormatting.swift in Sources */ = {isa = PBXBuildFile; fileRef = A00000000000000000002005 /* DateFormatting.swift */; };
		A00000000000000000001110 /* DeparturesWidget.swift in Sources */ = {isa = PBXBuildFile; fileRef = A00000000000000000002010 /* DeparturesWidget.swift */; };
		A00000000000000000001201 /* FixtureTests.swift in Sources */ = {isa = PBXBuildFile; fileRef = A00000000000000000002011 /* FixtureTests.swift */; };
		A00000000000000000001202 /* DepartureLogicTests.swift in Sources */ = {isa = PBXBuildFile; fileRef = A00000000000000000002012 /* DepartureLogicTests.swift */; };
		A00000000000000000001205 /* SBBStyleTests.swift in Sources */ = {isa = PBXBuildFile; fileRef = A00000000000000000002018 /* SBBStyleTests.swift */; };
		A00000000000000000001206 /* SBBStyle.swift in Sources */ = {isa = PBXBuildFile; fileRef = A00000000000000000002016 /* SBBStyle.swift */; };
		A00000000000000000001111 /* SBBStyle.swift in Sources */ = {isa = PBXBuildFile; fileRef = A00000000000000000002016 /* SBBStyle.swift */; };
		A00000000000000000001203 /* Models.swift in Sources */ = {isa = PBXBuildFile; fileRef = A00000000000000000002001 /* Models.swift */; };
		A00000000000000000001204 /* TransportAPI.swift in Sources */ = {isa = PBXBuildFile; fileRef = A00000000000000000002002 /* TransportAPI.swift */; };
		A00000000000000000001207 /* AppStateTests.swift in Sources */ = {isa = PBXBuildFile; fileRef = A00000000000000000002019 /* AppStateTests.swift */; };
		A00000000000000000001208 /* DeparturesAppState.swift in Sources */ = {isa = PBXBuildFile; fileRef = A00000000000000000002007 /* DeparturesAppState.swift */; };
		A00000000000000000001209 /* SharedStore.swift in Sources */ = {isa = PBXBuildFile; fileRef = A00000000000000000002003 /* SharedStore.swift */; };
		A0000000000000000000120A /* NotificationService.swift in Sources */ = {isa = PBXBuildFile; fileRef = A00000000000000000002004 /* NotificationService.swift */; };
		A0000000000000000000100C /* ManagementWindowView.swift in Sources */ = {isa = PBXBuildFile; fileRef = A0000000000000000000201A /* ManagementWindowView.swift */; };
		A0000000000000000000100D /* WatchedLinesSection.swift in Sources */ = {isa = PBXBuildFile; fileRef = A0000000000000000000201B /* WatchedLinesSection.swift */; };
		A00000000000000000001301 /* SBBDeparturesWidget.appex in Embed App Extensions */ = {isa = PBXBuildFile; fileRef = A00000000000000000003002 /* SBBDeparturesWidget.appex */; settings = {ATTRIBUTES = (RemoveHeadersOnCopy, ); }; };
/* End PBXBuildFile section */

/* Begin PBXContainerItemProxy section */
		A00000000000000000004001 /* PBXContainerItemProxy */ = {
			isa = PBXContainerItemProxy;
			containerPortal = A00000000000000000000001 /* Project object */;
			proxyType = 1;
			remoteGlobalIDString = A00000000000000000000102;
			remoteInfo = SBBDeparturesWidget;
		};
/* End PBXContainerItemProxy section */

/* Begin PBXCopyFilesBuildPhase section */
		A00000000000000000005001 /* Embed App Extensions */ = {
			isa = PBXCopyFilesBuildPhase;
			buildActionMask = 2147483647;
			dstPath = "";
			dstSubfolderSpec = 13;
			files = (
				A00000000000000000001301 /* SBBDeparturesWidget.appex in Embed App Extensions */,
			);
			name = "Embed App Extensions";
			runOnlyForDeploymentPostprocessing = 0;
		};
/* End PBXCopyFilesBuildPhase section */

/* Begin PBXFileReference section */
		A00000000000000000002001 /* Models.swift */ = {isa = PBXFileReference; lastKnownFileType = sourcecode.swift; path = Models.swift; sourceTree = "<group>"; };
		A00000000000000000002002 /* TransportAPI.swift */ = {isa = PBXFileReference; lastKnownFileType = sourcecode.swift; path = TransportAPI.swift; sourceTree = "<group>"; };
		A00000000000000000002003 /* SharedStore.swift */ = {isa = PBXFileReference; lastKnownFileType = sourcecode.swift; path = SharedStore.swift; sourceTree = "<group>"; };
		A00000000000000000002004 /* NotificationService.swift */ = {isa = PBXFileReference; lastKnownFileType = sourcecode.swift; path = NotificationService.swift; sourceTree = "<group>"; };
		A00000000000000000002005 /* DateFormatting.swift */ = {isa = PBXFileReference; lastKnownFileType = sourcecode.swift; path = DateFormatting.swift; sourceTree = "<group>"; };
		A00000000000000000002006 /* SBBDeparturesApp.swift */ = {isa = PBXFileReference; lastKnownFileType = sourcecode.swift; path = SBBDeparturesApp.swift; sourceTree = "<group>"; };
		A00000000000000000002007 /* DeparturesAppState.swift */ = {isa = PBXFileReference; lastKnownFileType = sourcecode.swift; path = DeparturesAppState.swift; sourceTree = "<group>"; };
		A00000000000000000002008 /* MenuBarPopoverView.swift */ = {isa = PBXFileReference; lastKnownFileType = sourcecode.swift; path = MenuBarPopoverView.swift; sourceTree = "<group>"; };
		A00000000000000000002016 /* SBBStyle.swift */ = {isa = PBXFileReference; lastKnownFileType = sourcecode.swift; path = SBBStyle.swift; sourceTree = "<group>"; };
		A00000000000000000002010 /* DeparturesWidget.swift */ = {isa = PBXFileReference; lastKnownFileType = sourcecode.swift; path = DeparturesWidget.swift; sourceTree = "<group>"; };
		A00000000000000000002011 /* FixtureTests.swift */ = {isa = PBXFileReference; lastKnownFileType = sourcecode.swift; path = FixtureTests.swift; sourceTree = "<group>"; };
		A00000000000000000002012 /* DepartureLogicTests.swift */ = {isa = PBXFileReference; lastKnownFileType = sourcecode.swift; path = DepartureLogicTests.swift; sourceTree = "<group>"; };
		A00000000000000000002018 /* SBBStyleTests.swift */ = {isa = PBXFileReference; lastKnownFileType = sourcecode.swift; path = SBBStyleTests.swift; sourceTree = "<group>"; };
		A00000000000000000002019 /* AppStateTests.swift */ = {isa = PBXFileReference; lastKnownFileType = sourcecode.swift; path = AppStateTests.swift; sourceTree = "<group>"; };
		A0000000000000000000201A /* ManagementWindowView.swift */ = {isa = PBXFileReference; lastKnownFileType = sourcecode.swift; path = ManagementWindowView.swift; sourceTree = "<group>"; };
		A0000000000000000000201B /* WatchedLinesSection.swift */ = {isa = PBXFileReference; lastKnownFileType = sourcecode.swift; path = WatchedLinesSection.swift; sourceTree = "<group>"; };
		A00000000000000000002013 /* SBBDepartures.entitlements */ = {isa = PBXFileReference; lastKnownFileType = text.plist.entitlements; path = SBBDepartures.entitlements; sourceTree = "<group>"; };
		A00000000000000000002014 /* SBBDeparturesWidget.entitlements */ = {isa = PBXFileReference; lastKnownFileType = text.plist.entitlements; path = SBBDeparturesWidget.entitlements; sourceTree = "<group>"; };
		A00000000000000000002015 /* Info.plist */ = {isa = PBXFileReference; lastKnownFileType = text.plist.xml; path = Info.plist; sourceTree = "<group>"; };
		A00000000000000000003001 /* SBBDepartures.app */ = {isa = PBXFileReference; explicitFileType = wrapper.application; includeInIndex = 0; path = SBBDepartures.app; sourceTree = BUILT_PRODUCTS_DIR; };
		A00000000000000000003002 /* SBBDeparturesWidget.appex */ = {isa = PBXFileReference; explicitFileType = "wrapper.app-extension"; includeInIndex = 0; path = SBBDeparturesWidget.appex; sourceTree = BUILT_PRODUCTS_DIR; };
		A00000000000000000003003 /* SBBDeparturesTests.xctest */ = {isa = PBXFileReference; explicitFileType = wrapper.cfbundle; includeInIndex = 0; path = SBBDeparturesTests.xctest; sourceTree = BUILT_PRODUCTS_DIR; };
/* End PBXFileReference section */

/* Begin PBXFrameworksBuildPhase section */
		A00000000000000000006001 /* Frameworks */ = {
			isa = PBXFrameworksBuildPhase;
			buildActionMask = 2147483647;
			files = (
			);
			runOnlyForDeploymentPostprocessing = 0;
		};
		A00000000000000000006002 /* Frameworks */ = {
			isa = PBXFrameworksBuildPhase;
			buildActionMask = 2147483647;
			files = (
			);
			runOnlyForDeploymentPostprocessing = 0;
		};
		A00000000000000000006003 /* Frameworks */ = {
			isa = PBXFrameworksBuildPhase;
			buildActionMask = 2147483647;
			files = (
			);
			runOnlyForDeploymentPostprocessing = 0;
		};
/* End PBXFrameworksBuildPhase section */

/* Begin PBXGroup section */
		A00000000000000000007001 = {
			isa = PBXGroup;
			children = (
				A00000000000000000007003 /* SBBDepartures/Shared */,
				A00000000000000000007004 /* SBBDepartures/App */,
				A00000000000000000007005 /* SBBDepartures/Widget */,
				A00000000000000000007006 /* SBBDeparturesTests */,
				A00000000000000000007002 /* Products */,
			);
			sourceTree = "<group>";
		};
		A00000000000000000007002 /* Products */ = {
			isa = PBXGroup;
			children = (
				A00000000000000000003001 /* SBBDepartures.app */,
				A00000000000000000003002 /* SBBDeparturesWidget.appex */,
				A00000000000000000003003 /* SBBDeparturesTests.xctest */,
			);
			name = Products;
			sourceTree = "<group>";
		};
		A00000000000000000007003 /* SBBDepartures/Shared */ = {
			isa = PBXGroup;
			children = (
				A00000000000000000002001 /* Models.swift */,
				A00000000000000000002002 /* TransportAPI.swift */,
				A00000000000000000002003 /* SharedStore.swift */,
				A00000000000000000002004 /* NotificationService.swift */,
				A00000000000000000002005 /* DateFormatting.swift */,
			);
			path = SBBDepartures/Shared;
			sourceTree = SOURCE_ROOT;
		};
		A00000000000000000007004 /* SBBDepartures/App */ = {
			isa = PBXGroup;
			children = (
				A00000000000000000002006 /* SBBDeparturesApp.swift */,
				A00000000000000000002007 /* DeparturesAppState.swift */,
				A00000000000000000002008 /* MenuBarPopoverView.swift */,
				A0000000000000000000201A /* ManagementWindowView.swift */,
				A0000000000000000000201B /* WatchedLinesSection.swift */,
				A00000000000000000002016 /* SBBStyle.swift */,
				A00000000000000000002013 /* SBBDepartures.entitlements */,
			);
			path = SBBDepartures/App;
			sourceTree = SOURCE_ROOT;
		};
		A00000000000000000007005 /* SBBDepartures/Widget */ = {
			isa = PBXGroup;
			children = (
				A00000000000000000002010 /* DeparturesWidget.swift */,
				A00000000000000000002014 /* SBBDeparturesWidget.entitlements */,
				A00000000000000000002015 /* Info.plist */,
			);
			path = SBBDepartures/Widget;
			sourceTree = SOURCE_ROOT;
		};
		A00000000000000000007006 /* SBBDeparturesTests */ = {
			isa = PBXGroup;
			children = (
				A00000000000000000002011 /* FixtureTests.swift */,
				A00000000000000000002012 /* DepartureLogicTests.swift */,
				A00000000000000000002018 /* SBBStyleTests.swift */,
				A00000000000000000002019 /* AppStateTests.swift */,
			);
			path = SBBDeparturesTests;
			sourceTree = SOURCE_ROOT;
		};
/* End PBXGroup section */

/* Begin PBXNativeTarget section */
		A00000000000000000000101 /* SBBDepartures */ = {
			isa = PBXNativeTarget;
			buildConfigurationList = A00000000000000000009002 /* Build configuration list for PBXNativeTarget "SBBDepartures" */;
			buildPhases = (
				A00000000000000000008001 /* Sources */,
				A00000000000000000006001 /* Frameworks */,
				A00000000000000000005001 /* Embed App Extensions */,
			);
			buildRules = (
			);
			dependencies = (
				A00000000000000000004101 /* PBXTargetDependency */,
			);
			name = SBBDepartures;
			productName = SBBDepartures;
			productReference = A00000000000000000003001 /* SBBDepartures.app */;
			productType = "com.apple.product-type.application";
		};
		A00000000000000000000102 /* SBBDeparturesWidget */ = {
			isa = PBXNativeTarget;
			buildConfigurationList = A00000000000000000009003 /* Build configuration list for PBXNativeTarget "SBBDeparturesWidget" */;
			buildPhases = (
				A00000000000000000008002 /* Sources */,
				A00000000000000000006002 /* Frameworks */,
			);
			buildRules = (
			);
			dependencies = (
			);
			name = SBBDeparturesWidget;
			productName = SBBDeparturesWidget;
			productReference = A00000000000000000003002 /* SBBDeparturesWidget.appex */;
			productType = "com.apple.product-type.app-extension";
		};
		A00000000000000000000103 /* SBBDeparturesTests */ = {
			isa = PBXNativeTarget;
			buildConfigurationList = A00000000000000000009004 /* Build configuration list for PBXNativeTarget "SBBDeparturesTests" */;
			buildPhases = (
				A00000000000000000008003 /* Sources */,
				A00000000000000000006003 /* Frameworks */,
			);
			buildRules = (
			);
			dependencies = (
			);
			name = SBBDeparturesTests;
			productName = SBBDeparturesTests;
			productReference = A00000000000000000003003 /* SBBDeparturesTests.xctest */;
			productType = "com.apple.product-type.bundle.unit-test";
		};
/* End PBXNativeTarget section */

/* Begin PBXProject section */
		A00000000000000000000001 /* Project object */ = {
			isa = PBXProject;
			attributes = {
				BuildIndependentTargetsInParallel = 1;
				LastSwiftUpdateCheck = 2620;
				LastUpgradeCheck = 2620;
				TargetAttributes = {
					A00000000000000000000101 = {
						CreatedOnToolsVersion = 26.2;
					};
					A00000000000000000000102 = {
						CreatedOnToolsVersion = 26.2;
					};
					A00000000000000000000103 = {
						CreatedOnToolsVersion = 26.2;
					};
				};
			};
			buildConfigurationList = A00000000000000000009001 /* Build configuration list for PBXProject "SBBDepartures" */;
			compatibilityVersion = "Xcode 14.0";
			developmentRegion = en;
			hasScannedForEncodings = 0;
			knownRegions = (
				en,
				Base,
			);
			mainGroup = A00000000000000000007001;
			productRefGroup = A00000000000000000007002 /* Products */;
			projectDirPath = "";
			projectRoot = "";
			targets = (
				A00000000000000000000101 /* SBBDepartures */,
				A00000000000000000000102 /* SBBDeparturesWidget */,
				A00000000000000000000103 /* SBBDeparturesTests */,
			);
		};
/* End PBXProject section */

/* Begin PBXSourcesBuildPhase section */
		A00000000000000000008001 /* Sources */ = {
			isa = PBXSourcesBuildPhase;
			buildActionMask = 2147483647;
			files = (
				A00000000000000000001001 /* Models.swift in Sources */,
				A00000000000000000001002 /* TransportAPI.swift in Sources */,
				A00000000000000000001003 /* SharedStore.swift in Sources */,
				A00000000000000000001004 /* NotificationService.swift in Sources */,
				A00000000000000000001005 /* DateFormatting.swift in Sources */,
				A00000000000000000001006 /* SBBDeparturesApp.swift in Sources */,
				A00000000000000000001007 /* DeparturesAppState.swift in Sources */,
				A00000000000000000001008 /* MenuBarPopoverView.swift in Sources */,
				A0000000000000000000100C /* ManagementWindowView.swift in Sources */,
				A0000000000000000000100D /* WatchedLinesSection.swift in Sources */,
				A0000000000000000000100A /* SBBStyle.swift in Sources */,
			);
			runOnlyForDeploymentPostprocessing = 0;
		};
		A00000000000000000008002 /* Sources */ = {
			isa = PBXSourcesBuildPhase;
			buildActionMask = 2147483647;
			files = (
				A00000000000000000001101 /* Models.swift in Sources */,
				A00000000000000000001102 /* TransportAPI.swift in Sources */,
				A00000000000000000001103 /* SharedStore.swift in Sources */,
				A00000000000000000001105 /* DateFormatting.swift in Sources */,
				A00000000000000000001110 /* DeparturesWidget.swift in Sources */,
				A00000000000000000001111 /* SBBStyle.swift in Sources */,
			);
			runOnlyForDeploymentPostprocessing = 0;
		};
		A00000000000000000008003 /* Sources */ = {
			isa = PBXSourcesBuildPhase;
			buildActionMask = 2147483647;
			files = (
				A00000000000000000001203 /* Models.swift in Sources */,
				A00000000000000000001204 /* TransportAPI.swift in Sources */,
				A00000000000000000001201 /* FixtureTests.swift in Sources */,
				A00000000000000000001202 /* DepartureLogicTests.swift in Sources */,
				A00000000000000000001205 /* SBBStyleTests.swift in Sources */,
				A00000000000000000001206 /* SBBStyle.swift in Sources */,
				A00000000000000000001207 /* AppStateTests.swift in Sources */,
				A00000000000000000001208 /* DeparturesAppState.swift in Sources */,
				A00000000000000000001209 /* SharedStore.swift in Sources */,
				A0000000000000000000120A /* NotificationService.swift in Sources */,
			);
			runOnlyForDeploymentPostprocessing = 0;
		};
/* End PBXSourcesBuildPhase section */

/* Begin PBXTargetDependency section */
		A00000000000000000004101 /* PBXTargetDependency */ = {
			isa = PBXTargetDependency;
			target = A00000000000000000000102 /* SBBDeparturesWidget */;
			targetProxy = A00000000000000000004001 /* PBXContainerItemProxy */;
		};
/* End PBXTargetDependency section */

/* Begin XCBuildConfiguration section */
		A0000000000000000000A001 /* Debug */ = {
			isa = XCBuildConfiguration;
			buildSettings = {
				ALWAYS_SEARCH_USER_PATHS = NO;
				CLANG_ANALYZER_NONNULL = YES;
				CLANG_ANALYZER_NUMBER_OBJECT_CONVERSION = YES_AGGRESSIVE;
				CLANG_CXX_LANGUAGE_STANDARD = "gnu++20";
				CLANG_ENABLE_MODULES = YES;
				CLANG_ENABLE_OBJC_ARC = YES;
				CLANG_ENABLE_OBJC_WEAK = YES;
				CLANG_WARN_BLOCK_CAPTURE_AUTORELEASING = YES;
				CLANG_WARN_BOOL_CONVERSION = YES;
				CLANG_WARN_COMMA = YES;
				CLANG_WARN_CONSTANT_CONVERSION = YES;
				CLANG_WARN_DEPRECATED_OBJC_IMPLEMENTATIONS = YES;
				CLANG_WARN_DIRECT_OBJC_ISA_USAGE = YES_ERROR;
				CLANG_WARN_DOCUMENTATION_COMMENTS = YES;
				CLANG_WARN_EMPTY_BODY = YES;
				CLANG_WARN_ENUM_CONVERSION = YES;
				CLANG_WARN_INFINITE_RECURSION = YES;
				CLANG_WARN_INT_CONVERSION = YES;
				CLANG_WARN_NON_LITERAL_NULL_CONVERSION = YES;
				CLANG_WARN_OBJC_IMPLICIT_RETAIN_SELF = YES;
				CLANG_WARN_OBJC_LITERAL_CONVERSION = YES;
				CLANG_WARN_OBJC_ROOT_CLASS = YES_ERROR;
				CLANG_WARN_QUOTED_INCLUDE_IN_FRAMEWORK_HEADER = YES;
				CLANG_WARN_RANGE_LOOP_ANALYSIS = YES;
				CLANG_WARN_STRICT_PROTOTYPES = YES;
				CLANG_WARN_SUSPICIOUS_MOVE = YES;
				COPY_PHASE_STRIP = NO;
				DEBUG_INFORMATION_FORMAT = dwarf;
				ENABLE_STRICT_OBJC_MSGSEND = YES;
				ENABLE_TESTABILITY = YES;
				ENABLE_USER_SCRIPT_SANDBOXING = YES;
				GCC_C_LANGUAGE_STANDARD = gnu17;
				GCC_DYNAMIC_NO_PIC = NO;
				GCC_NO_COMMON_BLOCKS = YES;
				GCC_OPTIMIZATION_LEVEL = 0;
				GCC_PREPROCESSOR_DEFINITIONS = (
					"DEBUG=1",
					"$(inherited)",
				);
				GCC_WARN_64_TO_32_BIT_CONVERSION = YES;
				GCC_WARN_ABOUT_RETURN_TYPE = YES_ERROR;
				GCC_WARN_UNDECLARED_SELECTOR = YES;
				GCC_WARN_UNINITIALIZED_AUTOS = YES_AGGRESSIVE;
				GCC_WARN_UNUSED_FUNCTION = YES;
				GCC_WARN_UNUSED_VARIABLE = YES;
				LOCALIZATION_PREFERS_STRING_CATALOGS = YES;
				MACOSX_DEPLOYMENT_TARGET = 14.0;
				MTL_ENABLE_DEBUG_INFO = INCLUDE_SOURCE;
				MTL_FAST_MATH = YES;
				ONLY_ACTIVE_ARCH = YES;
				SDKROOT = macosx;
				SWIFT_ACTIVE_COMPILATION_CONDITIONS = DEBUG;
				SWIFT_OPTIMIZATION_LEVEL = "-Onone";
			};
			name = Debug;
		};
		A0000000000000000000A002 /* Release */ = {
			isa = XCBuildConfiguration;
			buildSettings = {
				ALWAYS_SEARCH_USER_PATHS = NO;
				CLANG_ANALYZER_NONNULL = YES;
				CLANG_ANALYZER_NUMBER_OBJECT_CONVERSION = YES_AGGRESSIVE;
				CLANG_CXX_LANGUAGE_STANDARD = "gnu++20";
				CLANG_ENABLE_MODULES = YES;
				CLANG_ENABLE_OBJC_ARC = YES;
				CLANG_ENABLE_OBJC_WEAK = YES;
				CLANG_WARN_BLOCK_CAPTURE_AUTORELEASING = YES;
				CLANG_WARN_BOOL_CONVERSION = YES;
				CLANG_WARN_COMMA = YES;
				CLANG_WARN_CONSTANT_CONVERSION = YES;
				CLANG_WARN_DEPRECATED_OBJC_IMPLEMENTATIONS = YES;
				CLANG_WARN_DIRECT_OBJC_ISA_USAGE = YES_ERROR;
				CLANG_WARN_DOCUMENTATION_COMMENTS = YES;
				CLANG_WARN_EMPTY_BODY = YES;
				CLANG_WARN_ENUM_CONVERSION = YES;
				CLANG_WARN_INFINITE_RECURSION = YES;
				CLANG_WARN_INT_CONVERSION = YES;
				CLANG_WARN_NON_LITERAL_NULL_CONVERSION = YES;
				CLANG_WARN_OBJC_IMPLICIT_RETAIN_SELF = YES;
				CLANG_WARN_OBJC_LITERAL_CONVERSION = YES;
				CLANG_WARN_OBJC_ROOT_CLASS = YES_ERROR;
				CLANG_WARN_QUOTED_INCLUDE_IN_FRAMEWORK_HEADER = YES;
				CLANG_WARN_RANGE_LOOP_ANALYSIS = YES;
				CLANG_WARN_STRICT_PROTOTYPES = YES;
				CLANG_WARN_SUSPICIOUS_MOVE = YES;
				COPY_PHASE_STRIP = NO;
				DEBUG_INFORMATION_FORMAT = "dwarf-with-dsym";
				ENABLE_NS_ASSERTIONS = NO;
				ENABLE_STRICT_OBJC_MSGSEND = YES;
				ENABLE_USER_SCRIPT_SANDBOXING = YES;
				GCC_C_LANGUAGE_STANDARD = gnu17;
				GCC_NO_COMMON_BLOCKS = YES;
				GCC_WARN_64_TO_32_BIT_CONVERSION = YES;
				GCC_WARN_ABOUT_RETURN_TYPE = YES_ERROR;
				GCC_WARN_UNDECLARED_SELECTOR = YES;
				GCC_WARN_UNINITIALIZED_AUTOS = YES_AGGRESSIVE;
				GCC_WARN_UNUSED_FUNCTION = YES;
				GCC_WARN_UNUSED_VARIABLE = YES;
				LOCALIZATION_PREFERS_STRING_CATALOGS = YES;
				MACOSX_DEPLOYMENT_TARGET = 14.0;
				MTL_ENABLE_DEBUG_INFO = NO;
				MTL_FAST_MATH = YES;
				SDKROOT = macosx;
				SWIFT_COMPILATION_MODE = wholemodule;
				SWIFT_OPTIMIZATION_LEVEL = "-O";
			};
			name = Release;
		};
		A0000000000000000000A101 /* Debug */ = {
			isa = XCBuildConfiguration;
			buildSettings = {
				ASSETCATALOG_COMPILER_GLOBAL_ACCENT_COLOR_NAME = AccentColor;
				CODE_SIGN_ENTITLEMENTS = "";
				"CODE_SIGN_IDENTITY[sdk=macosx*]" = "-";
				CODE_SIGN_STYLE = Manual;
				CURRENT_PROJECT_VERSION = 1;
				DEVELOPMENT_ASSET_PATHS = "";
				ENABLE_PREVIEWS = YES;
				GENERATE_INFOPLIST_FILE = YES;
				INFOPLIST_KEY_CFBundleDisplayName = "SBB Departures";
				INFOPLIST_KEY_LSApplicationCategoryType = "public.app-category.travel";
				INFOPLIST_KEY_LSUIElement = NO;
				INFOPLIST_KEY_NSLocationUsageDescription = "SBB Departures can use your location to suggest nearby stops.";
				INFOPLIST_KEY_NSLocationWhenInUseUsageDescription = "SBB Departures can use your location to suggest nearby stops.";
				LD_RUNPATH_SEARCH_PATHS = (
					"$(inherited)",
					"@executable_path/../Frameworks",
				);
				MARKETING_VERSION = 1.0;
				PRODUCT_BUNDLE_IDENTIFIER = com.local.SBBDepartures;
				PRODUCT_NAME = "$(TARGET_NAME)";
				SWIFT_EMIT_LOC_STRINGS = YES;
				SWIFT_VERSION = 5.0;
			};
			name = Debug;
		};
		A0000000000000000000A102 /* Release */ = {
			isa = XCBuildConfiguration;
			buildSettings = {
				ASSETCATALOG_COMPILER_GLOBAL_ACCENT_COLOR_NAME = AccentColor;
				CODE_SIGN_ENTITLEMENTS = "";
				"CODE_SIGN_IDENTITY[sdk=macosx*]" = "-";
				CODE_SIGN_STYLE = Manual;
				CURRENT_PROJECT_VERSION = 1;
				DEVELOPMENT_ASSET_PATHS = "";
				ENABLE_PREVIEWS = YES;
				GENERATE_INFOPLIST_FILE = YES;
				INFOPLIST_KEY_CFBundleDisplayName = "SBB Departures";
				INFOPLIST_KEY_LSApplicationCategoryType = "public.app-category.travel";
				INFOPLIST_KEY_LSUIElement = NO;
				INFOPLIST_KEY_NSLocationUsageDescription = "SBB Departures can use your location to suggest nearby stops.";
				INFOPLIST_KEY_NSLocationWhenInUseUsageDescription = "SBB Departures can use your location to suggest nearby stops.";
				LD_RUNPATH_SEARCH_PATHS = (
					"$(inherited)",
					"@executable_path/../Frameworks",
				);
				MARKETING_VERSION = 1.0;
				PRODUCT_BUNDLE_IDENTIFIER = com.local.SBBDepartures;
				PRODUCT_NAME = "$(TARGET_NAME)";
				SWIFT_EMIT_LOC_STRINGS = YES;
				SWIFT_VERSION = 5.0;
			};
			name = Release;
		};
		A0000000000000000000A201 /* Debug */ = {
			isa = XCBuildConfiguration;
			buildSettings = {
				APPLICATION_EXTENSION_API_ONLY = YES;
				CODE_SIGN_ENTITLEMENTS = "";
				"CODE_SIGN_IDENTITY[sdk=macosx*]" = "-";
				CODE_SIGN_STYLE = Manual;
				CURRENT_PROJECT_VERSION = 1;
				ENABLE_PREVIEWS = YES;
				GENERATE_INFOPLIST_FILE = NO;
				INFOPLIST_FILE = SBBDepartures/Widget/Info.plist;
				LD_RUNPATH_SEARCH_PATHS = (
					"$(inherited)",
					"@executable_path/../Frameworks",
					"@executable_path/../../../../Frameworks",
				);
				MARKETING_VERSION = 1.0;
				PRODUCT_BUNDLE_IDENTIFIER = com.local.SBBDepartures.widget;
				PRODUCT_NAME = "$(TARGET_NAME)";
				SKIP_INSTALL = YES;
				SWIFT_EMIT_LOC_STRINGS = YES;
				SWIFT_VERSION = 5.0;
			};
			name = Debug;
		};
		A0000000000000000000A202 /* Release */ = {
			isa = XCBuildConfiguration;
			buildSettings = {
				APPLICATION_EXTENSION_API_ONLY = YES;
				CODE_SIGN_ENTITLEMENTS = "";
				"CODE_SIGN_IDENTITY[sdk=macosx*]" = "-";
				CODE_SIGN_STYLE = Manual;
				CURRENT_PROJECT_VERSION = 1;
				ENABLE_PREVIEWS = YES;
				GENERATE_INFOPLIST_FILE = NO;
				INFOPLIST_FILE = SBBDepartures/Widget/Info.plist;
				LD_RUNPATH_SEARCH_PATHS = (
					"$(inherited)",
					"@executable_path/../Frameworks",
					"@executable_path/../../../../Frameworks",
				);
				MARKETING_VERSION = 1.0;
				PRODUCT_BUNDLE_IDENTIFIER = com.local.SBBDepartures.widget;
				PRODUCT_NAME = "$(TARGET_NAME)";
				SKIP_INSTALL = YES;
				SWIFT_EMIT_LOC_STRINGS = YES;
				SWIFT_VERSION = 5.0;
			};
			name = Release;
		};
		A0000000000000000000A301 /* Debug */ = {
			isa = XCBuildConfiguration;
			buildSettings = {
				CODE_SIGN_STYLE = Automatic;
				CURRENT_PROJECT_VERSION = 1;
				GENERATE_INFOPLIST_FILE = YES;
				LD_RUNPATH_SEARCH_PATHS = (
					"$(inherited)",
					"@executable_path/../Frameworks",
					"@loader_path/../Frameworks",
				);
				MARKETING_VERSION = 1.0;
				PRODUCT_BUNDLE_IDENTIFIER = com.local.SBBDeparturesTests;
				PRODUCT_NAME = "$(TARGET_NAME)";
				SWIFT_EMIT_LOC_STRINGS = NO;
				SWIFT_VERSION = 5.0;
			};
			name = Debug;
		};
		A0000000000000000000A302 /* Release */ = {
			isa = XCBuildConfiguration;
			buildSettings = {
				CODE_SIGN_STYLE = Automatic;
				CURRENT_PROJECT_VERSION = 1;
				GENERATE_INFOPLIST_FILE = YES;
				LD_RUNPATH_SEARCH_PATHS = (
					"$(inherited)",
					"@executable_path/../Frameworks",
					"@loader_path/../Frameworks",
				);
				MARKETING_VERSION = 1.0;
				PRODUCT_BUNDLE_IDENTIFIER = com.local.SBBDeparturesTests;
				PRODUCT_NAME = "$(TARGET_NAME)";
				SWIFT_EMIT_LOC_STRINGS = NO;
				SWIFT_VERSION = 5.0;
			};
			name = Release;
		};
/* End XCBuildConfiguration section */

/* Begin XCConfigurationList section */
		A00000000000000000009001 /* Build configuration list for PBXProject "SBBDepartures" */ = {
			isa = XCConfigurationList;
			buildConfigurations = (
				A0000000000000000000A001 /* Debug */,
				A0000000000000000000A002 /* Release */,
			);
			defaultConfigurationIsVisible = 0;
			defaultConfigurationName = Release;
		};
		A00000000000000000009002 /* Build configuration list for PBXNativeTarget "SBBDepartures" */ = {
			isa = XCConfigurationList;
			buildConfigurations = (
				A0000000000000000000A101 /* Debug */,
				A0000000000000000000A102 /* Release */,
			);
			defaultConfigurationIsVisible = 0;
			defaultConfigurationName = Release;
		};
		A00000000000000000009003 /* Build configuration list for PBXNativeTarget "SBBDeparturesWidget" */ = {
			isa = XCConfigurationList;
			buildConfigurations = (
				A0000000000000000000A201 /* Debug */,
				A0000000000000000000A202 /* Release */,
			);
			defaultConfigurationIsVisible = 0;
			defaultConfigurationName = Release;
		};
		A00000000000000000009004 /* Build configuration list for PBXNativeTarget "SBBDeparturesTests" */ = {
			isa = XCConfigurationList;
			buildConfigurations = (
				A0000000000000000000A301 /* Debug */,
				A0000000000000000000A302 /* Release */,
			);
			defaultConfigurationIsVisible = 0;
			defaultConfigurationName = Release;
		};
/* End XCConfigurationList section */
	};
	rootObject = A00000000000000000000001 /* Project object */;
}
